
Microsoft Visual Studio Solution File, Format Version 12.00
# Visual Studio Version 17
VisualStudioVersion = 17.14.36518.9 d17.14
MinimumVisualStudioVersion = 10.0.40219.1
Project("{FAE04EC0-301F-11D3-BF4B-00C04F79EFBC}") = "BookAChristmasHam", "BookAChristmasHam.csproj", "{FE76F8A6-4DA7-4B73-A4DB-06A6BCA53C9D}"
EndProject
Global
	GlobalSection(SolutionConfigurationPlatforms) = preSolution
		Debug|Any CPU = Debug|Any CPU
		Release|Any CPU = Release|Any CPU
	EndGlobalSection
	GlobalSection(ProjectConfigurationPlatforms) = postSolution
		{FE76F8A6-4DA7-4B73-A4DB-06A6BCA53C9D}.Debug|Any CPU.ActiveCfg = Debug|Any CPU
		{FE76F8A6-4DA7-4B73-A4DB-06A6BCA53C9D}.Debug|Any CPU.Build.0 = Debug|Any CPU
		{FE76F8A6-4DA7-4B73-A4DB-06A6BCA53C9D}.Release|Any CPU.ActiveCfg = Release|Any CPU
		{FE76F8A6-4DA7-4B73-A4DB-06A6BCA53C9D}.Release|Any CPU.Build.0 = Release|Any CPU
	EndGlobalSection
	GlobalSection(SolutionProperties) = preSolution
		HideSolutionNode = FALSE
	EndGlobalSection
	GlobalSection(ExtensibilityGlobals) = postSolution
		SolutionGuid = {F4EAEA97-BB1B-44BC-B79B-6999A9BA7C87}
	EndGlobalSection
EndGlobal
